
Microsoft Visual Studio Solution File, Format Version 12.00
# Visual Studio Express 2012 for Windows Desktop
Project("{FAE04EC0-301F-11D3-BF4B-00C04F79EFBC}") = "XdsRegistry", "XdsRegistry.csproj", "{5C3F062E-5777-40C8-8B6F-CAE98E7E1B46}"
EndProject
Global
	GlobalSection(SolutionConfigurationPlatforms) = preSolution
		Debug|x86 = Debug|x86
		Release|x86 = Release|x86
	EndGlobalSection
	GlobalSection(ProjectConfigurationPlatforms) = postSolution
		{5C3F062E-5777-40C8-8B6F-CAE98E7E1B46}.Debug|x86.ActiveCfg = Release|x86
		{5C3F062E-5777-40C8-8B6F-CAE98E7E1B46}.Debug|x86.Build.0 = Release|x86
		{5C3F062E-5777-40C8-8B6F-CAE98E7E1B46}.Release|x86.ActiveCfg = Release|x86
		{5C3F062E-5777-40C8-8B6F-CAE98E7E1B46}.Release|x86.Build.0 = Release|x86
	EndGlobalSection
	GlobalSection(SolutionProperties) = preSolution
		HideSolutionNode = FALSE
	EndGlobalSection
EndGlobal
